
Microsoft Visual Studio Solution File, Format Version 12.00
# Visual Studio 15
VisualStudioVersion = 15.0.27130.2027
MinimumVisualStudioVersion = 10.0.40219.1
Project("{FAE04EC0-301F-11D3-BF4B-00C04F79EFBC}") = "Labas", "Labas\Labas.csproj", "{3474D74C-335C-4D76-A238-963F00D59C81}"
EndProject
Global
	GlobalSection(SolutionConfigurationPlatforms) = preSolution
		Debug|Any CPU = Debug|Any CPU
		Release|Any CPU = Release|Any CPU
	EndGlobalSection
	GlobalSection(ProjectConfigurationPlatforms) = postSolution
		{3474D74C-335C-4D76-A238-963F00D59C81}.Debug|Any CPU.ActiveCfg = Debug|Any CPU
		{3474D74C-335C-4D76-A238-963F00D59C81}.Debug|Any CPU.Build.0 = Debug|Any CPU
		{3474D74C-335C-4D76-A238-963F00D59C81}.Release|Any CPU.ActiveCfg = Release|Any CPU
		{3474D74C-335C-4D76-A238-963F00D59C81}.Release|Any CPU.Build.0 = Release|Any CPU
	EndGlobalSection
	GlobalSection(SolutionProperties) = preSolution
		HideSolutionNode = FALSE
	EndGlobalSection
	GlobalSection(ExtensibilityGlobals) = postSolution
		SolutionGuid = {1F90FDDA-2A06-482F-B113-E0A9B747DFF4}
	EndGlobalSection
EndGlobal
